
Microsoft Visual Studio Solution File, Format Version 12.00
# Visual Studio Version 16
VisualStudioVersion = 16.0.31112.23
MinimumVisualStudioVersion = 10.0.40219.1
Project("{FAE04EC0-301F-11D3-BF4B-00C04F79EFBC}") = "MyStore.Domain", "MyStore.Domain\MyStore.Domain.csproj", "{0BD07AFA-9675-47FB-AB14-DF0CABCE1A47}"
EndProject
Project("{2150E333-8FDC-42A3-9474-1A3956D46DE8}") = "Domain", "Domain", "{4353BA87-EFAB-4EAF-A43C-78660AFDF41F}"
EndProject
Project("{2150E333-8FDC-42A3-9474-1A3956D46DE8}") = "Tests", "Tests", "{DC8F1896-48E2-48B8-BADF-1E3C6E6E41FB}"
EndProject
Project("{FAE04EC0-301F-11D3-BF4B-00C04F79EFBC}") = "MyStore.Domain.Tests", "MyStore.Domain.Tests\MyStore.Domain.Tests.csproj", "{A49E2B35-3533-40F7-AF9B-58877FEA9AA9}"
EndProject
Global
	GlobalSection(SolutionConfigurationPlatforms) = preSolution
		Debug|Any CPU = Debug|Any CPU
		Release|Any CPU = Release|Any CPU
	EndGlobalSection
	GlobalSection(ProjectConfigurationPlatforms) = postSolution
		{0BD07AFA-9675-47FB-AB14-DF0CABCE1A47}.Debug|Any CPU.ActiveCfg = Debug|Any CPU
		{0BD07AFA-9675-47FB-AB14-DF0CABCE1A47}.Debug|Any CPU.Build.0 = Debug|Any CPU
		{0BD07AFA-9675-47FB-AB14-DF0CABCE1A47}.Release|Any CPU.ActiveCfg = Release|Any CPU
		{0BD07AFA-9675-47FB-AB14-DF0CABCE1A47}.Release|Any CPU.Build.0 = Release|Any CPU
		{A49E2B35-3533-40F7-AF9B-58877FEA9AA9}.Debug|Any CPU.ActiveCfg = Debug|Any CPU
		{A49E2B35-3533-40F7-AF9B-58877FEA9AA9}.Debug|Any CPU.Build.0 = Debug|Any CPU
		{A49E2B35-3533-40F7-AF9B-58877FEA9AA9}.Release|Any CPU.ActiveCfg = Release|Any CPU
		{A49E2B35-3533-40F7-AF9B-58877FEA9AA9}.Release|Any CPU.Build.0 = Release|Any CPU
	EndGlobalSection
	GlobalSection(SolutionProperties) = preSolution
		HideSolutionNode = FALSE
	EndGlobalSection
	GlobalSection(NestedProjects) = preSolution
		{0BD07AFA-9675-47FB-AB14-DF0CABCE1A47} = {4353BA87-EFAB-4EAF-A43C-78660AFDF41F}
		{A49E2B35-3533-40F7-AF9B-58877FEA9AA9} = {DC8F1896-48E2-48B8-BADF-1E3C6E6E41FB}
	EndGlobalSection
	GlobalSection(ExtensibilityGlobals) = postSolution
		SolutionGuid = {8EF4F92A-8BF9-4963-A791-0F299AA87947}
	EndGlobalSection
EndGlobal
